
Microsoft Visual Studio Solution File, Format Version 12.00
# Visual Studio Version 17
VisualStudioVersion = 17.6.33815.320
MinimumVisualStudioVersion = 10.0.40219.1
Project("{FAE04EC0-301F-11D3-BF4B-00C04F79EFBC}") = "EShopper", "EShopper\EShopper.csproj", "{51AA46A2-B945-4408-ABCE-B3C78198A1E7}"
EndProject
Global
	GlobalSection(SolutionConfigurationPlatforms) = preSolution
		Debug|Any CPU = Debug|Any CPU
		Release|Any CPU = Release|Any CPU
	EndGlobalSection
	GlobalSection(ProjectConfigurationPlatforms) = postSolution
		{51AA46A2-B945-4408-ABCE-B3C78198A1E7}.Debug|Any CPU.ActiveCfg = Debug|Any CPU
		{51AA46A2-B945-4408-ABCE-B3C78198A1E7}.Debug|Any CPU.Build.0 = Debug|Any CPU
		{51AA46A2-B945-4408-ABCE-B3C78198A1E7}.Release|Any CPU.ActiveCfg = Release|Any CPU
		{51AA46A2-B945-4408-ABCE-B3C78198A1E7}.Release|Any CPU.Build.0 = Release|Any CPU
	EndGlobalSection
	GlobalSection(SolutionProperties) = preSolution
		HideSolutionNode = FALSE
	EndGlobalSection
	GlobalSection(ExtensibilityGlobals) = postSolution
		SolutionGuid = {83CF4748-94FA-464F-81D7-9E479720FC40}
	EndGlobalSection
EndGlobal
